// !$*UTF8*$!
{
	archiveVersion = 1;
	classes = {
	};
	objectVersion = 50;
	objects = {

/* Begin PBXBuildFile section */
		403305EB26B59FE500506E7C /* Extension.swift in Sources */ = {isa = PBXBuildFile; fileRef = 403305EA26B59FE500506E7C /* Extension.swift */; };
		403305F526B5A09E00506E7C /* Ubuntu-Italic.ttf in Resources */ = {isa = PBXBuildFile; fileRef = 403305ED26B5A09E00506E7C /* Ubuntu-Italic.ttf */; };
		403305F626B5A09E00506E7C /* Ubuntu-Regular.ttf in Resources */ = {isa = PBXBuildFile; fileRef = 403305EE26B5A09E00506E7C /* Ubuntu-Regular.ttf */; };
		403305F726B5A09E00506E7C /* Ubuntu-LightItalic.ttf in Resources */ = {isa = PBXBuildFile; fileRef = 403305EF26B5A09E00506E7C /* Ubuntu-LightItalic.ttf */; };
		403305F826B5A09E00506E7C /* Ubuntu-Medium.ttf in Resources */ = {isa = PBXBuildFile; fileRef = 403305F026B5A09E00506E7C /* Ubuntu-Medium.ttf */; };
		403305F926B5A09E00506E7C /* Ubuntu-BoldItalic.ttf in Resources */ = {isa = PBXBuildFile; fileRef = 403305F126B5A09E00506E7C /* Ubuntu-BoldItalic.ttf */; };
		403305FA26B5A09E00506E7C /* Ubuntu-Light.ttf in Resources */ = {isa = PBXBuildFile; fileRef = 403305F226B5A09E00506E7C /* Ubuntu-Light.ttf */; };
		403305FB26B5A09E00506E7C /* Ubuntu-Bold.ttf in Resources */ = {isa = PBXBuildFile; fileRef = 403305F326B5A09E00506E7C /* Ubuntu-Bold.ttf */; };
		403305FC26B5A09E00506E7C /* Ubuntu-MediumItalic.ttf in Resources */ = {isa = PBXBuildFile; fileRef = 403305F426B5A09E00506E7C /* Ubuntu-MediumItalic.ttf */; };
		403305FE26B5A0DD00506E7C /* GifImage.swift in Sources */ = {isa = PBXBuildFile; fileRef = 403305FD26B5A0DD00506E7C /* GifImage.swift */; };
		4033060726B5A21600506E7C /* Storytelling.storyboard in Resources */ = {isa = PBXBuildFile; fileRef = 4033060626B5A21600506E7C /* Storytelling.storyboard */; };
		4033060926B5A22600506E7C /* Quiz.storyboard in Resources */ = {isa = PBXBuildFile; fileRef = 4033060826B5A22600506E7C /* Quiz.storyboard */; };
		4033060B26B5A24300506E7C /* Practice.storyboard in Resources */ = {isa = PBXBuildFile; fileRef = 4033060A26B5A24300506E7C /* Practice.storyboard */; };
		4033061126B5A54600506E7C /* story_1_5.jpeg in Resources */ = {isa = PBXBuildFile; fileRef = 4033060C26B5A54600506E7C /* story_1_5.jpeg */; };
		4033061226B5A54600506E7C /* story_1_2.jpeg in Resources */ = {isa = PBXBuildFile; fileRef = 4033060D26B5A54600506E7C /* story_1_2.jpeg */; };
		4033061326B5A54600506E7C /* story_1_3.jpeg in Resources */ = {isa = PBXBuildFile; fileRef = 4033060E26B5A54600506E7C /* story_1_3.jpeg */; };
		4033061426B5A54600506E7C /* story_1_1.jpeg in Resources */ = {isa = PBXBuildFile; fileRef = 4033060F26B5A54600506E7C /* story_1_1.jpeg */; };
		4033061526B5A54600506E7C /* story_1_4.jpeg in Resources */ = {isa = PBXBuildFile; fileRef = 4033061026B5A54600506E7C /* story_1_4.jpeg */; };
		4033061E26B5A55600506E7C /* sibi_bersaudara.mp4 in Resources */ = {isa = PBXBuildFile; fileRef = 4033061626B5A55500506E7C /* sibi_bersaudara.mp4 */; };
		4033061F26B5A55600506E7C /* sibi_memperkenalkan.mp4 in Resources */ = {isa = PBXBuildFile; fileRef = 4033061726B5A55500506E7C /* sibi_memperkenalkan.mp4 */; };
		4033062026B5A55600506E7C /* sibi_selamatpagi.mp4 in Resources */ = {isa = PBXBuildFile; fileRef = 4033061826B5A55500506E7C /* sibi_selamatpagi.mp4 */; };
		4033062126B5A55600506E7C /* sibi_cita-cita.mp4 in Resources */ = {isa = PBXBuildFile; fileRef = 4033061926B5A55500506E7C /* sibi_cita-cita.mp4 */; };
		4033062226B5A55600506E7C /* sibi_olahraga.mp4 in Resources */ = {isa = PBXBuildFile; fileRef = 4033061A26B5A55500506E7C /* sibi_olahraga.mp4 */; };
		4033062326B5A55600506E7C /* sibi_membanggakan.mp4 in Resources */ = {isa = PBXBuildFile; fileRef = 4033061B26B5A55500506E7C /* sibi_membanggakan.mp4 */; };
		4033062426B5A55600506E7C /* sibi_panggil.mp4 in Resources */ = {isa = PBXBuildFile; fileRef = 4033061C26B5A55600506E7C /* sibi_panggil.mp4 */; };
		4033062526B5A55600506E7C /* sibi_bermain.mp4 in Resources */ = {isa = PBXBuildFile; fileRef = 4033061D26B5A55600506E7C /* sibi_bermain.mp4 */; };
		4033062726B5A57100506E7C /* List2_D_TransferLearning.mlmodel in Sources */ = {isa = PBXBuildFile; fileRef = 4033062626B5A57100506E7C /* List2_D_TransferLearning.mlmodel */; };
		4033062A26B5A5CE00506E7C /* Stories.swift in Sources */ = {isa = PBXBuildFile; fileRef = 4033062926B5A5CE00506E7C /* Stories.swift */; };
		40EB3E1C26B257A400D9DEC9 /* AppDelegate.swift in Sources */ = {isa = PBXBuildFile; fileRef = 40EB3E1B26B257A400D9DEC9 /* AppDelegate.swift */; };
		40EB3E1E26B257A400D9DEC9 /* SceneDelegate.swift in Sources */ = {isa = PBXBuildFile; fileRef = 40EB3E1D26B257A400D9DEC9 /* SceneDelegate.swift */; };
		40EB3E2026B257A400D9DEC9 /* ViewController.swift in Sources */ = {isa = PBXBuildFile; fileRef = 40EB3E1F26B257A400D9DEC9 /* ViewController.swift */; };
		40EB3E2326B257A400D9DEC9 /* Main.storyboard in Resources */ = {isa = PBXBuildFile; fileRef = 40EB3E2126B257A400D9DEC9 /* Main.storyboard */; };
		40EB3E2626B257A400D9DEC9 /* KisahKata.xcdatamodeld in Sources */ = {isa = PBXBuildFile; fileRef = 40EB3E2426B257A400D9DEC9 /* KisahKata.xcdatamodeld */; };
		40EB3E2826B257A500D9DEC9 /* Assets.xcassets in Resources */ = {isa = PBXBuildFile; fileRef = 40EB3E2726B257A500D9DEC9 /* Assets.xcassets */; };
		40EB3E2B26B257A500D9DEC9 /* LaunchScreen.storyboard in Resources */ = {isa = PBXBuildFile; fileRef = 40EB3E2926B257A500D9DEC9 /* LaunchScreen.storyboard */; };
		517AFA9F26B5C5D300C4DC6C /* Tema.swift in Sources */ = {isa = PBXBuildFile; fileRef = 517AFA9E26B5C5D300C4DC6C /* Tema.swift */; };
		517AFAA126B5C62F00C4DC6C /* DataTema.swift in Sources */ = {isa = PBXBuildFile; fileRef = 517AFAA026B5C62F00C4DC6C /* DataTema.swift */; };
		517AFAA426B5C71900C4DC6C /* homeCollectionViewCell.swift in Sources */ = {isa = PBXBuildFile; fileRef = 517AFAA226B5C71900C4DC6C /* homeCollectionViewCell.swift */; };
		517AFAA526B5C71900C4DC6C /* homeCollectionViewCell.xib in Resources */ = {isa = PBXBuildFile; fileRef = 517AFAA326B5C71900C4DC6C /* homeCollectionViewCell.xib */; };
		517AFAA726B5C91B00C4DC6C /* UPCarouselFlowLayout.swift in Sources */ = {isa = PBXBuildFile; fileRef = 517AFAA626B5C91B00C4DC6C /* UPCarouselFlowLayout.swift */; };
		E33AE72E26B5AF9000CCEA2E /* StoryEndViewController.swift in Sources */ = {isa = PBXBuildFile; fileRef = E33AE72D26B5AF9000CCEA2E /* StoryEndViewController.swift */; };
		E3EEF81C26B6E5E1002D1F0F /* EndStory.storyboard in Resources */ = {isa = PBXBuildFile; fileRef = E3EEF81B26B6E5E1002D1F0F /* EndStory.storyboard */; };
		E3EEF81E26B6E645002D1F0F /* UserIntro.storyboard in Resources */ = {isa = PBXBuildFile; fileRef = E3EEF81D26B6E645002D1F0F /* UserIntro.storyboard */; };
		E3EEF82026B6E687002D1F0F /* UserIntroViewController.swift in Sources */ = {isa = PBXBuildFile; fileRef = E3EEF81F26B6E687002D1F0F /* UserIntroViewController.swift */; };
		E3F2177526B39618003B4CB5 /* IntroViewController.swift in Sources */ = {isa = PBXBuildFile; fileRef = E3F2177426B39618003B4CB5 /* IntroViewController.swift */; };
/* End PBXBuildFile section */

/* Begin PBXFileReference section */
		403305EA26B59FE500506E7C /* Extension.swift */ = {isa = PBXFileReference; lastKnownFileType = sourcecode.swift; path = Extension.swift; sourceTree = "<group>"; };
		403305ED26B5A09E00506E7C /* Ubuntu-Italic.ttf */ = {isa = PBXFileReference; lastKnownFileType = file; path = "Ubuntu-Italic.ttf"; sourceTree = "<group>"; };
		403305EE26B5A09E00506E7C /* Ubuntu-Regular.ttf */ = {isa = PBXFileReference; lastKnownFileType = file; path = "Ubuntu-Regular.ttf"; sourceTree = "<group>"; };
		403305EF26B5A09E00506E7C /* Ubuntu-LightItalic.ttf */ = {isa = PBXFileReference; lastKnownFileType = file; path = "Ubuntu-LightItalic.ttf"; sourceTree = "<group>"; };
		403305F026B5A09E00506E7C /* Ubuntu-Medium.ttf */ = {isa = PBXFileReference; lastKnownFileType = file; path = "Ubuntu-Medium.ttf"; sourceTree = "<group>"; };
		403305F126B5A09E00506E7C /* Ubuntu-BoldItalic.ttf */ = {isa = PBXFileReference; lastKnownFileType = file; path = "Ubuntu-BoldItalic.ttf"; sourceTree = "<group>"; };
		403305F226B5A09E00506E7C /* Ubuntu-Light.ttf */ = {isa = PBXFileReference; lastKnownFileType = file; path = "Ubuntu-Light.ttf"; sourceTree = "<group>"; };
		403305F326B5A09E00506E7C /* Ubuntu-Bold.ttf */ = {isa = PBXFileReference; lastKnownFileType = file; path = "Ubuntu-Bold.ttf"; sourceTree = "<group>"; };
		403305F426B5A09E00506E7C /* Ubuntu-MediumItalic.ttf */ = {isa = PBXFileReference; lastKnownFileType = file; path = "Ubuntu-MediumItalic.ttf"; sourceTree = "<group>"; };
		403305FD26B5A0DD00506E7C /* GifImage.swift */ = {isa = PBXFileReference; lastKnownFileType = sourcecode.swift; path = GifImage.swift; sourceTree = "<group>"; };
		4033060626B5A21600506E7C /* Storytelling.storyboard */ = {isa = PBXFileReference; lastKnownFileType = file.storyboard; path = Storytelling.storyboard; sourceTree = "<group>"; };
		4033060826B5A22600506E7C /* Quiz.storyboard */ = {isa = PBXFileReference; lastKnownFileType = file.storyboard; path = Quiz.storyboard; sourceTree = "<group>"; };
		4033060A26B5A24300506E7C /* Practice.storyboard */ = {isa = PBXFileReference; lastKnownFileType = file.storyboard; path = Practice.storyboard; sourceTree = "<group>"; };
		4033060C26B5A54600506E7C /* story_1_5.jpeg */ = {isa = PBXFileReference; lastKnownFileType = image.jpeg; path = story_1_5.jpeg; sourceTree = "<group>"; };
		4033060D26B5A54600506E7C /* story_1_2.jpeg */ = {isa = PBXFileReference; lastKnownFileType = image.jpeg; path = story_1_2.jpeg; sourceTree = "<group>"; };
		4033060E26B5A54600506E7C /* story_1_3.jpeg */ = {isa = PBXFileReference; lastKnownFileType = image.jpeg; path = story_1_3.jpeg; sourceTree = "<group>"; };
		4033060F26B5A54600506E7C /* story_1_1.jpeg */ = {isa = PBXFileReference; lastKnownFileType = image.jpeg; path = story_1_1.jpeg; sourceTree = "<group>"; };
		4033061026B5A54600506E7C /* story_1_4.jpeg */ = {isa = PBXFileReference; lastKnownFileType = image.jpeg; path = story_1_4.jpeg; sourceTree = "<group>"; };
		4033061626B5A55500506E7C /* sibi_bersaudara.mp4 */ = {isa = PBXFileReference; lastKnownFileType = file; path = sibi_bersaudara.mp4; sourceTree = "<group>"; };
		4033061726B5A55500506E7C /* sibi_memperkenalkan.mp4 */ = {isa = PBXFileReference; lastKnownFileType = file; path = sibi_memperkenalkan.mp4; sourceTree = "<group>"; };
		4033061826B5A55500506E7C /* sibi_selamatpagi.mp4 */ = {isa = PBXFileReference; lastKnownFileType = file; path = sibi_selamatpagi.mp4; sourceTree = "<group>"; };
		4033061926B5A55500506E7C /* sibi_cita-cita.mp4 */ = {isa = PBXFileReference; lastKnownFileType = file; path = "sibi_cita-cita.mp4"; sourceTree = "<group>"; };
		4033061A26B5A55500506E7C /* sibi_olahraga.mp4 */ = {isa = PBXFileReference; lastKnownFileType = file; path = sibi_olahraga.mp4; sourceTree = "<group>"; };
		4033061B26B5A55500506E7C /* sibi_membanggakan.mp4 */ = {isa = PBXFileReference; lastKnownFileType = file; path = sibi_membanggakan.mp4; sourceTree = "<group>"; };
		4033061C26B5A55600506E7C /* sibi_panggil.mp4 */ = {isa = PBXFileReference; lastKnownFileType = file; path = sibi_panggil.mp4; sourceTree = "<group>"; };
		4033061D26B5A55600506E7C /* sibi_bermain.mp4 */ = {isa = PBXFileReference; lastKnownFileType = file; path = sibi_bermain.mp4; sourceTree = "<group>"; };
		4033062626B5A57100506E7C /* List2_D_TransferLearning.mlmodel */ = {isa = PBXFileReference; lastKnownFileType = file.mlmodel; path = List2_D_TransferLearning.mlmodel; sourceTree = "<group>"; };
		4033062926B5A5CE00506E7C /* Stories.swift */ = {isa = PBXFileReference; lastKnownFileType = sourcecode.swift; path = Stories.swift; sourceTree = "<group>"; };
		40EB3E1826B257A400D9DEC9 /* KisahKata.app */ = {isa = PBXFileReference; explicitFileType = wrapper.application; includeInIndex = 0; path = KisahKata.app; sourceTree = BUILT_PRODUCTS_DIR; };
		40EB3E1B26B257A400D9DEC9 /* AppDelegate.swift */ = {isa = PBXFileReference; lastKnownFileType = sourcecode.swift; path = AppDelegate.swift; sourceTree = "<group>"; };
		40EB3E1D26B257A400D9DEC9 /* SceneDelegate.swift */ = {isa = PBXFileReference; lastKnownFileType = sourcecode.swift; path = SceneDelegate.swift; sourceTree = "<group>"; };
		40EB3E1F26B257A400D9DEC9 /* ViewController.swift */ = {isa = PBXFileReference; lastKnownFileType = sourcecode.swift; path = ViewController.swift; sourceTree = "<group>"; };
		40EB3E2226B257A400D9DEC9 /* Base */ = {isa = PBXFileReference; lastKnownFileType = file.storyboard; name = Base; path = Base.lproj/Main.storyboard; sourceTree = "<group>"; };
		40EB3E2526B257A400D9DEC9 /* KisahKata.xcdatamodel */ = {isa = PBXFileReference; lastKnownFileType = wrapper.xcdatamodel; path = KisahKata.xcdatamodel; sourceTree = "<group>"; };
		40EB3E2726B257A500D9DEC9 /* Assets.xcassets */ = {isa = PBXFileReference; lastKnownFileType = folder.assetcatalog; path = Assets.xcassets; sourceTree = "<group>"; };
		40EB3E2A26B257A500D9DEC9 /* Base */ = {isa = PBXFileReference; lastKnownFileType = file.storyboard; name = Base; path = Base.lproj/LaunchScreen.storyboard; sourceTree = "<group>"; };
		40EB3E2C26B257A500D9DEC9 /* Info.plist */ = {isa = PBXFileReference; lastKnownFileType = text.plist.xml; path = Info.plist; sourceTree = "<group>"; };
		517AFA9E26B5C5D300C4DC6C /* Tema.swift */ = {isa = PBXFileReference; lastKnownFileType = sourcecode.swift; path = Tema.swift; sourceTree = "<group>"; };
		517AFAA026B5C62F00C4DC6C /* DataTema.swift */ = {isa = PBXFileReference; lastKnownFileType = sourcecode.swift; path = DataTema.swift; sourceTree = "<group>"; };
		517AFAA226B5C71900C4DC6C /* homeCollectionViewCell.swift */ = {isa = PBXFileReference; lastKnownFileType = sourcecode.swift; path = homeCollectionViewCell.swift; sourceTree = "<group>"; };
		517AFAA326B5C71900C4DC6C /* homeCollectionViewCell.xib */ = {isa = PBXFileReference; lastKnownFileType = file.xib; path = homeCollectionViewCell.xib; sourceTree = "<group>"; };
		517AFAA626B5C91B00C4DC6C /* UPCarouselFlowLayout.swift */ = {isa = PBXFileReference; fileEncoding = 4; lastKnownFileType = sourcecode.swift; path = UPCarouselFlowLayout.swift; sourceTree = "<group>"; };
		E33AE72D26B5AF9000CCEA2E /* StoryEndViewController.swift */ = {isa = PBXFileReference; lastKnownFileType = sourcecode.swift; path = StoryEndViewController.swift; sourceTree = "<group>"; };
		E3EEF81B26B6E5E1002D1F0F /* EndStory.storyboard */ = {isa = PBXFileReference; lastKnownFileType = file.storyboard; path = EndStory.storyboard; sourceTree = "<group>"; };
		E3EEF81D26B6E645002D1F0F /* UserIntro.storyboard */ = {isa = PBXFileReference; lastKnownFileType = file.storyboard; path = UserIntro.storyboard; sourceTree = "<group>"; };
		E3EEF81F26B6E687002D1F0F /* UserIntroViewController.swift */ = {isa = PBXFileReference; lastKnownFileType = sourcecode.swift; path = UserIntroViewController.swift; sourceTree = "<group>"; };
		E3F2177426B39618003B4CB5 /* IntroViewController.swift */ = {isa = PBXFileReference; lastKnownFileType = sourcecode.swift; path = IntroViewController.swift; sourceTree = "<group>"; };
/* End PBXFileReference section */

/* Begin PBXFrameworksBuildPhase section */
		40EB3E1526B257A400D9DEC9 /* Frameworks */ = {
			isa = PBXFrameworksBuildPhase;
			buildActionMask = 2147483647;
			files = (
			);
			runOnlyForDeploymentPostprocessing = 0;
		};
/* End PBXFrameworksBuildPhase section */

/* Begin PBXGroup section */
		403305E926B59F8E00506E7C /* Utils */ = {
			isa = PBXGroup;
			children = (
				403305EA26B59FE500506E7C /* Extension.swift */,
				403305FD26B5A0DD00506E7C /* GifImage.swift */,
			);
			path = Utils;
			sourceTree = "<group>";
		};
		403305EC26B5A04700506E7C /* Fonts */ = {
			isa = PBXGroup;
			children = (
				403305F326B5A09E00506E7C /* Ubuntu-Bold.ttf */,
				403305F126B5A09E00506E7C /* Ubuntu-BoldItalic.ttf */,
				403305ED26B5A09E00506E7C /* Ubuntu-Italic.ttf */,
				403305F226B5A09E00506E7C /* Ubuntu-Light.ttf */,
				403305EF26B5A09E00506E7C /* Ubuntu-LightItalic.ttf */,
				403305F026B5A09E00506E7C /* Ubuntu-Medium.ttf */,
				403305F426B5A09E00506E7C /* Ubuntu-MediumItalic.ttf */,
				403305EE26B5A09E00506E7C /* Ubuntu-Regular.ttf */,
			);
			path = Fonts;
			sourceTree = "<group>";
		};
		403305FF26B5A11200506E7C /* Views */ = {
			isa = PBXGroup;
			children = (
				517AFAA326B5C71900C4DC6C /* homeCollectionViewCell.xib */,
				40EB3E2926B257A500D9DEC9 /* LaunchScreen.storyboard */,
				40EB3E2126B257A400D9DEC9 /* Main.storyboard */,
				4033060626B5A21600506E7C /* Storytelling.storyboard */,
				4033060826B5A22600506E7C /* Quiz.storyboard */,
				4033060A26B5A24300506E7C /* Practice.storyboard */,
				E3EEF81B26B6E5E1002D1F0F /* EndStory.storyboard */,
				E3EEF81D26B6E645002D1F0F /* UserIntro.storyboard */,
			);
			path = Views;
			sourceTree = "<group>";
		};
		4033060026B5A14E00506E7C /* Controllers */ = {
			isa = PBXGroup;
			children = (
				40EB3E1F26B257A400D9DEC9 /* ViewController.swift */,
				517AFAA226B5C71900C4DC6C /* homeCollectionViewCell.swift */,
				E33AE72D26B5AF9000CCEA2E /* StoryEndViewController.swift */,
				E3EEF81F26B6E687002D1F0F /* UserIntroViewController.swift */,
			);
			path = Controllers;
			sourceTree = "<group>";
		};
		4033060126B5A15400506E7C /* Models */ = {
			isa = PBXGroup;
			children = (
				4033062926B5A5CE00506E7C /* Stories.swift */,
				517AFA9E26B5C5D300C4DC6C /* Tema.swift */,
				517AFAA026B5C62F00C4DC6C /* DataTema.swift */,
			);
			path = Models;
			sourceTree = "<group>";
		};
		4033060226B5A17300506E7C /* Resources */ = {
			isa = PBXGroup;
			children = (
				4033060526B5A19800506E7C /* MLModels */,
				4033060426B5A18E00506E7C /* Images */,
				4033060326B5A18000506E7C /* Videos */,
			);
			path = Resources;
			sourceTree = "<group>";
		};
		4033060326B5A18000506E7C /* Videos */ = {
			isa = PBXGroup;
			children = (
				4033061D26B5A55600506E7C /* sibi_bermain.mp4 */,
				4033061626B5A55500506E7C /* sibi_bersaudara.mp4 */,
				4033061926B5A55500506E7C /* sibi_cita-cita.mp4 */,
				4033061B26B5A55500506E7C /* sibi_membanggakan.mp4 */,
				4033061726B5A55500506E7C /* sibi_memperkenalkan.mp4 */,
				4033061A26B5A55500506E7C /* sibi_olahraga.mp4 */,
				4033061C26B5A55600506E7C /* sibi_panggil.mp4 */,
				4033061826B5A55500506E7C /* sibi_selamatpagi.mp4 */,
			);
			path = Videos;
			sourceTree = "<group>";
		};
		4033060426B5A18E00506E7C /* Images */ = {
			isa = PBXGroup;
			children = (
				4033060F26B5A54600506E7C /* story_1_1.jpeg */,
				4033060D26B5A54600506E7C /* story_1_2.jpeg */,
				4033060E26B5A54600506E7C /* story_1_3.jpeg */,
				4033061026B5A54600506E7C /* story_1_4.jpeg */,
				4033060C26B5A54600506E7C /* story_1_5.jpeg */,
			);
			path = Images;
			sourceTree = "<group>";
		};
		4033060526B5A19800506E7C /* MLModels */ = {
			isa = PBXGroup;
			children = (
				4033062626B5A57100506E7C /* List2_D_TransferLearning.mlmodel */,
			);
			path = MLModels;
			sourceTree = "<group>";
		};
		40EB3E0F26B257A400D9DEC9 = {
			isa = PBXGroup;
			children = (
				40EB3E1A26B257A400D9DEC9 /* KisahKata */,
				40EB3E1926B257A400D9DEC9 /* Products */,
			);
			sourceTree = "<group>";
		};
		40EB3E1926B257A400D9DEC9 /* Products */ = {
			isa = PBXGroup;
			children = (
				40EB3E1826B257A400D9DEC9 /* KisahKata.app */,
			);
			name = Products;
			sourceTree = "<group>";
		};
		40EB3E1A26B257A400D9DEC9 /* KisahKata */ = {
			isa = PBXGroup;
			children = (
				4033060226B5A17300506E7C /* Resources */,
				4033060126B5A15400506E7C /* Models */,
				4033060026B5A14E00506E7C /* Controllers */,
				403305FF26B5A11200506E7C /* Views */,
				403305EC26B5A04700506E7C /* Fonts */,
				403305E926B59F8E00506E7C /* Utils */,
				40EB3E1B26B257A400D9DEC9 /* AppDelegate.swift */,
				40EB3E1D26B257A400D9DEC9 /* SceneDelegate.swift */,
				40EB3E2726B257A500D9DEC9 /* Assets.xcassets */,
				517AFAA626B5C91B00C4DC6C /* UPCarouselFlowLayout.swift */,
				40EB3E2C26B257A500D9DEC9 /* Info.plist */,
				40EB3E2426B257A400D9DEC9 /* KisahKata.xcdatamodeld */,
				E3F2177426B39618003B4CB5 /* IntroViewController.swift */,
			);
			path = KisahKata;
			sourceTree = "<group>";
		};
/* End PBXGroup section */

/* Begin PBXNativeTarget section */
		40EB3E1726B257A400D9DEC9 /* KisahKata */ = {
			isa = PBXNativeTarget;
			buildConfigurationList = 40EB3E2F26B257A500D9DEC9 /* Build configuration list for PBXNativeTarget "KisahKata" */;
			buildPhases = (
				40EB3E1426B257A400D9DEC9 /* Sources */,
				40EB3E1526B257A400D9DEC9 /* Frameworks */,
				40EB3E1626B257A400D9DEC9 /* Resources */,
			);
			buildRules = (
			);
			dependencies = (
			);
			name = KisahKata;
			productName = KisahKata;
			productReference = 40EB3E1826B257A400D9DEC9 /* KisahKata.app */;
			productType = "com.apple.product-type.application";
		};
/* End PBXNativeTarget section */

/* Begin PBXProject section */
		40EB3E1026B257A400D9DEC9 /* Project object */ = {
			isa = PBXProject;
			attributes = {
				LastSwiftUpdateCheck = 1250;
				LastUpgradeCheck = 1250;
				TargetAttributes = {
					40EB3E1726B257A400D9DEC9 = {
						CreatedOnToolsVersion = 12.5;
					};
				};
			};
			buildConfigurationList = 40EB3E1326B257A400D9DEC9 /* Build configuration list for PBXProject "KisahKata" */;
			compatibilityVersion = "Xcode 9.3";
			developmentRegion = en;
			hasScannedForEncodings = 0;
			knownRegions = (
				en,
				Base,
			);
			mainGroup = 40EB3E0F26B257A400D9DEC9;
			productRefGroup = 40EB3E1926B257A400D9DEC9 /* Products */;
			projectDirPath = "";
			projectRoot = "";
			targets = (
				40EB3E1726B257A400D9DEC9 /* KisahKata */,
			);
		};
/* End PBXProject section */

/* Begin PBXResourcesBuildPhase section */
		40EB3E1626B257A400D9DEC9 /* Resources */ = {
			isa = PBXResourcesBuildPhase;
			buildActionMask = 2147483647;
			files = (
				4033061526B5A54600506E7C /* story_1_4.jpeg in Resources */,
				4033062426B5A55600506E7C /* sibi_panggil.mp4 in Resources */,
				4033060926B5A22600506E7C /* Quiz.storyboard in Resources */,
				517AFAA526B5C71900C4DC6C /* homeCollectionViewCell.xib in Resources */,
				4033061126B5A54600506E7C /* story_1_5.jpeg in Resources */,
				403305FB26B5A09E00506E7C /* Ubuntu-Bold.ttf in Resources */,
				4033061326B5A54600506E7C /* story_1_3.jpeg in Resources */,
				403305F926B5A09E00506E7C /* Ubuntu-BoldItalic.ttf in Resources */,
				4033061226B5A54600506E7C /* story_1_2.jpeg in Resources */,
				4033061F26B5A55600506E7C /* sibi_memperkenalkan.mp4 in Resources */,
				4033060726B5A21600506E7C /* Storytelling.storyboard in Resources */,
				E3EEF81E26B6E645002D1F0F /* UserIntro.storyboard in Resources */,
				40EB3E2B26B257A500D9DEC9 /* LaunchScreen.storyboard in Resources */,
				40EB3E2826B257A500D9DEC9 /* Assets.xcassets in Resources */,
				4033061E26B5A55600506E7C /* sibi_bersaudara.mp4 in Resources */,
				403305F826B5A09E00506E7C /* Ubuntu-Medium.ttf in Resources */,
				40EB3E2326B257A400D9DEC9 /* Main.storyboard in Resources */,
				4033062326B5A55600506E7C /* sibi_membanggakan.mp4 in Resources */,
				403305F626B5A09E00506E7C /* Ubuntu-Regular.ttf in Resources */,
				4033062526B5A55600506E7C /* sibi_bermain.mp4 in Resources */,
				E3EEF81C26B6E5E1002D1F0F /* EndStory.storyboard in Resources */,
				4033062126B5A55600506E7C /* sibi_cita-cita.mp4 in Resources */,
				4033062026B5A55600506E7C /* sibi_selamatpagi.mp4 in Resources */,
				4033060B26B5A24300506E7C /* Practice.storyboard in Resources */,
				403305F726B5A09E00506E7C /* Ubuntu-LightItalic.ttf in Resources */,
				403305FA26B5A09E00506E7C /* Ubuntu-Light.ttf in Resources */,
				4033061426B5A54600506E7C /* story_1_1.jpeg in Resources */,
				4033062226B5A55600506E7C /* sibi_olahraga.mp4 in Resources */,
				403305F526B5A09E00506E7C /* Ubuntu-Italic.ttf in Resources */,
				403305FC26B5A09E00506E7C /* Ubuntu-MediumItalic.ttf in Resources */,
			);
			runOnlyForDeploymentPostprocessing = 0;
		};
/* End PBXResourcesBuildPhase section */

/* Begin PBXSourcesBuildPhase section */
		40EB3E1426B257A400D9DEC9 /* Sources */ = {
			isa = PBXSourcesBuildPhase;
			buildActionMask = 2147483647;
			files = (
				E3EEF82026B6E687002D1F0F /* UserIntroViewController.swift in Sources */,
				403305EB26B59FE500506E7C /* Extension.swift in Sources */,
				E3F2177526B39618003B4CB5 /* IntroViewController.swift in Sources */,
				4033062A26B5A5CE00506E7C /* Stories.swift in Sources */,
				517AFAA726B5C91B00C4DC6C /* UPCarouselFlowLayout.swift in Sources */,
				517AFA9F26B5C5D300C4DC6C /* Tema.swift in Sources */,
				40EB3E2026B257A400D9DEC9 /* ViewController.swift in Sources */,
				E33AE72E26B5AF9000CCEA2E /* StoryEndViewController.swift in Sources */,
				403305FE26B5A0DD00506E7C /* GifImage.swift in Sources */,
				517AFAA426B5C71900C4DC6C /* homeCollectionViewCell.swift in Sources */,
				40EB3E1C26B257A400D9DEC9 /* AppDelegate.swift in Sources */,
				517AFAA126B5C62F00C4DC6C /* DataTema.swift in Sources */,
				40EB3E1E26B257A400D9DEC9 /* SceneDelegate.swift in Sources */,
				4033062726B5A57100506E7C /* List2_D_TransferLearning.mlmodel in Sources */,
				40EB3E2626B257A400D9DEC9 /* KisahKata.xcdatamodeld in Sources */,
			);
			runOnlyForDeploymentPostprocessing = 0;
		};
/* End PBXSourcesBuildPhase section */

/* Begin PBXVariantGroup section */
		40EB3E2126B257A400D9DEC9 /* Main.storyboard */ = {
			isa = PBXVariantGroup;
			children = (
				40EB3E2226B257A400D9DEC9 /* Base */,
			);
			name = Main.storyboard;
			sourceTree = "<group>";
		};
		40EB3E2926B257A500D9DEC9 /* LaunchScreen.storyboard */ = {
			isa = PBXVariantGroup;
			children = (
				40EB3E2A26B257A500D9DEC9 /* Base */,
			);
			name = LaunchScreen.storyboard;
			sourceTree = "<group>";
		};
/* End PBXVariantGroup section */

/* Begin XCBuildConfiguration section */
		40EB3E2D26B257A500D9DEC9 /* Debug */ = {
			isa = XCBuildConfiguration;
			buildSettings = {
				ALWAYS_SEARCH_USER_PATHS = NO;
				CLANG_ANALYZER_NONNULL = YES;
				CLANG_ANALYZER_NUMBER_OBJECT_CONVERSION = YES_AGGRESSIVE;
				CLANG_CXX_LANGUAGE_STANDARD = "gnu++14";
				CLANG_CXX_LIBRARY = "libc++";
				CLANG_ENABLE_MODULES = YES;
				CLANG_ENABLE_OBJC_ARC = YES;
				CLANG_ENABLE_OBJC_WEAK = YES;
				CLANG_WARN_BLOCK_CAPTURE_AUTORELEASING = YES;
				CLANG_WARN_BOOL_CONVERSION = YES;
				CLANG_WARN_COMMA = YES;
				CLANG_WARN_CONSTANT_CONVERSION = YES;
				CLANG_WARN_DEPRECATED_OBJC_IMPLEMENTATIONS = YES;
				CLANG_WARN_DIRECT_OBJC_ISA_USAGE = YES_ERROR;
				CLANG_WARN_DOCUMENTATION_COMMENTS = YES;
				CLANG_WARN_EMPTY_BODY = YES;
				CLANG_WARN_ENUM_CONVERSION = YES;
				CLANG_WARN_INFINITE_RECURSION = YES;
				CLANG_WARN_INT_CONVERSION = YES;
				CLANG_WARN_NON_LITERAL_NULL_CONVERSION = YES;
				CLANG_WARN_OBJC_IMPLICIT_RETAIN_SELF = YES;
				CLANG_WARN_OBJC_LITERAL_CONVERSION = YES;
				CLANG_WARN_OBJC_ROOT_CLASS = YES_ERROR;
				CLANG_WARN_QUOTED_INCLUDE_IN_FRAMEWORK_HEADER = YES;
				CLANG_WARN_RANGE_LOOP_ANALYSIS = YES;
				CLANG_WARN_STRICT_PROTOTYPES = YES;
				CLANG_WARN_SUSPICIOUS_MOVE = YES;
				CLANG_WARN_UNGUARDED_AVAILABILITY = YES_AGGRESSIVE;
				CLANG_WARN_UNREACHABLE_CODE = YES;
				CLANG_WARN__DUPLICATE_METHOD_MATCH = YES;
				COPY_PHASE_STRIP = NO;
				DEBUG_INFORMATION_FORMAT = dwarf;
				ENABLE_STRICT_OBJC_MSGSEND = YES;
				ENABLE_TESTABILITY = YES;
				GCC_C_LANGUAGE_STANDARD = gnu11;
				GCC_DYNAMIC_NO_PIC = NO;
				GCC_NO_COMMON_BLOCKS = YES;
				GCC_OPTIMIZATION_LEVEL = 0;
				GCC_PREPROCESSOR_DEFINITIONS = (
					"DEBUG=1",
					"$(inherited)",
				);
				GCC_WARN_64_TO_32_BIT_CONVERSION = YES;
				GCC_WARN_ABOUT_RETURN_TYPE = YES_ERROR;
				GCC_WARN_UNDECLARED_SELECTOR = YES;
				GCC_WARN_UNINITIALIZED_AUTOS = YES_AGGRESSIVE;
				GCC_WARN_UNUSED_FUNCTION = YES;
				GCC_WARN_UNUSED_VARIABLE = YES;
				IPHONEOS_DEPLOYMENT_TARGET = 14.5;
				MTL_ENABLE_DEBUG_INFO = INCLUDE_SOURCE;
				MTL_FAST_MATH = YES;
				ONLY_ACTIVE_ARCH = YES;
				SDKROOT = iphoneos;
				SWIFT_ACTIVE_COMPILATION_CONDITIONS = DEBUG;
				SWIFT_OPTIMIZATION_LEVEL = "-Onone";
			};
			name = Debug;
		};
		40EB3E2E26B257A500D9DEC9 /* Release */ = {
			isa = XCBuildConfiguration;
			buildSettings = {
				ALWAYS_SEARCH_USER_PATHS = NO;
				CLANG_ANALYZER_NONNULL = YES;
				CLANG_ANALYZER_NUMBER_OBJECT_CONVERSION = YES_AGGRESSIVE;
				CLANG_CXX_LANGUAGE_STANDARD = "gnu++14";
				CLANG_CXX_LIBRARY = "libc++";
				CLANG_ENABLE_MODULES = YES;
				CLANG_ENABLE_OBJC_ARC = YES;
				CLANG_ENABLE_OBJC_WEAK = YES;
				CLANG_WARN_BLOCK_CAPTURE_AUTORELEASING = YES;
				CLANG_WARN_BOOL_CONVERSION = YES;
				CLANG_WARN_COMMA = YES;
				CLANG_WARN_CONSTANT_CONVERSION = YES;
				CLANG_WARN_DEPRECATED_OBJC_IMPLEMENTATIONS = YES;
				CLANG_WARN_DIRECT_OBJC_ISA_USAGE = YES_ERROR;
				CLANG_WARN_DOCUMENTATION_COMMENTS = YES;
				CLANG_WARN_EMPTY_BODY = YES;
				CLANG_WARN_ENUM_CONVERSION = YES;
				CLANG_WARN_INFINITE_RECURSION = YES;
				CLANG_WARN_INT_CONVERSION = YES;
				CLANG_WARN_NON_LITERAL_NULL_CONVERSION = YES;
				CLANG_WARN_OBJC_IMPLICIT_RETAIN_SELF = YES;
				CLANG_WARN_OBJC_LITERAL_CONVERSION = YES;
				CLANG_WARN_OBJC_ROOT_CLASS = YES_ERROR;
				CLANG_WARN_QUOTED_INCLUDE_IN_FRAMEWORK_HEADER = YES;
				CLANG_WARN_RANGE_LOOP_ANALYSIS = YES;
				CLANG_WARN_STRICT_PROTOTYPES = YES;
				CLANG_WARN_SUSPICIOUS_MOVE = YES;
				CLANG_WARN_UNGUARDED_AVAILABILITY = YES_AGGRESSIVE;
				CLANG_WARN_UNREACHABLE_CODE = YES;
				CLANG_WARN__DUPLICATE_METHOD_MATCH = YES;
				COPY_PHASE_STRIP = NO;
				DEBUG_INFORMATION_FORMAT = "dwarf-with-dsym";
				ENABLE_NS_ASSERTIONS = NO;
				ENABLE_STRICT_OBJC_MSGSEND = YES;
				GCC_C_LANGUAGE_STANDARD = gnu11;
				GCC_NO_COMMON_BLOCKS = YES;
				GCC_WARN_64_TO_32_BIT_CONVERSION = YES;
				GCC_WARN_ABOUT_RETURN_TYPE = YES_ERROR;
				GCC_WARN_UNDECLARED_SELECTOR = YES;
				GCC_WARN_UNINITIALIZED_AUTOS = YES_AGGRESSIVE;
				GCC_WARN_UNUSED_FUNCTION = YES;
				GCC_WARN_UNUSED_VARIABLE = YES;
				IPHONEOS_DEPLOYMENT_TARGET = 14.5;
				MTL_ENABLE_DEBUG_INFO = NO;
				MTL_FAST_MATH = YES;
				SDKROOT = iphoneos;
				SWIFT_COMPILATION_MODE = wholemodule;
				SWIFT_OPTIMIZATION_LEVEL = "-O";
				VALIDATE_PRODUCT = YES;
			};
			name = Release;
		};
		40EB3E3026B257A500D9DEC9 /* Debug */ = {
			isa = XCBuildConfiguration;
			buildSettings = {
				ASSETCATALOG_COMPILER_APPICON_NAME = AppIcon;
				ASSETCATALOG_COMPILER_GLOBAL_ACCENT_COLOR_NAME = AccentColor;
				CODE_SIGN_STYLE = Automatic;
				DEVELOPMENT_TEAM = D7589S3EHF;
				INFOPLIST_FILE = KisahKata/Info.plist;
				LD_RUNPATH_SEARCH_PATHS = (
					"$(inherited)",
					"@executable_path/Frameworks",
				);
				PRODUCT_BUNDLE_IDENTIFIER = com.dimas.KisahKata;
				PRODUCT_NAME = "$(TARGET_NAME)";
				SWIFT_VERSION = 5.0;
				TARGETED_DEVICE_FAMILY = "1,2";
			};
			name = Debug;
		};
		40EB3E3126B257A500D9DEC9 /* Release */ = {
			isa = XCBuildConfiguration;
			buildSettings = {
				ASSETCATALOG_COMPILER_APPICON_NAME = AppIcon;
				ASSETCATALOG_COMPILER_GLOBAL_ACCENT_COLOR_NAME = AccentColor;
				CODE_SIGN_STYLE = Automatic;
				DEVELOPMENT_TEAM = D7589S3EHF;
				INFOPLIST_FILE = KisahKata/Info.plist;
				LD_RUNPATH_SEARCH_PATHS = (
					"$(inherited)",
					"@executable_path/Frameworks",
				);
				PRODUCT_BUNDLE_IDENTIFIER = com.dimas.KisahKata;
				PRODUCT_NAME = "$(TARGET_NAME)";
				SWIFT_VERSION = 5.0;
				TARGETED_DEVICE_FAMILY = "1,2";
			};
			name = Release;
		};
/* End XCBuildConfiguration section */

/* Begin XCConfigurationList section */
		40EB3E1326B257A400D9DEC9 /* Build configuration list for PBXProject "KisahKata" */ = {
			isa = XCConfigurationList;
			buildConfigurations = (
				40EB3E2D26B257A500D9DEC9 /* Debug */,
				40EB3E2E26B257A500D9DEC9 /* Release */,
			);
			defaultConfigurationIsVisible = 0;
			defaultConfigurationName = Release;
		};
		40EB3E2F26B257A500D9DEC9 /* Build configuration list for PBXNativeTarget "KisahKata" */ = {
			isa = XCConfigurationList;
			buildConfigurations = (
				40EB3E3026B257A500D9DEC9 /* Debug */,
				40EB3E3126B257A500D9DEC9 /* Release */,
			);
			defaultConfigurationIsVisible = 0;
			defaultConfigurationName = Release;
		};
/* End XCConfigurationList section */

/* Begin XCVersionGroup section */
		40EB3E2426B257A400D9DEC9 /* KisahKata.xcdatamodeld */ = {
			isa = XCVersionGroup;
			children = (
				40EB3E2526B257A400D9DEC9 /* KisahKata.xcdatamodel */,
			);
			currentVersion = 40EB3E2526B257A400D9DEC9 /* KisahKata.xcdatamodel */;
			path = KisahKata.xcdatamodeld;
			sourceTree = "<group>";
			versionGroupType = wrapper.xcdatamodel;
		};
/* End XCVersionGroup section */
	};
	rootObject = 40EB3E1026B257A400D9DEC9 /* Project object */;
}
